{"expected_commit": null, "host": "Nathans-MacBook-Pro-2.local", "lock_path": "/private/tmp/evsp-inherit-e2e-f35sn_6o/cg.json.lock", "output": "/private/tmp/evsp-inherit-e2e-f35sn_6o/cg.json", "pid": 13402, "slurm_array_job_id": null, "slurm_array_task_id": null, "slurm_job_id": null, "slurm_restart_count": null, "started_epoch": 1789228372.200889}
