{"expected_commit": null, "host": "scaglione-cpu-02.tech.cornell.edu", "lock_path": "/home/nc437/ladder-lite/chain_extension_20260915/validation/job_224563/parent.json.lock", "output": "/home/nc437/ladder-lite/chain_extension_20260915/validation/job_224563/parent.json", "pid": 2324521, "slurm_array_job_id": null, "slurm_array_task_id": null, "slurm_job_id": "224563", "slurm_restart_count": null, "started_epoch": 1789460412.872375}
