{"expected_commit": null, "host": "unicorn-cpu-01.coecis.cornell.edu", "lock_path": "/home/nc437/ladder-lite/chain_extension_20260915/validation/job_224584/child.json.lock", "output": "/home/nc437/ladder-lite/chain_extension_20260915/validation/job_224584/child.json", "pid": 39852, "slurm_array_job_id": null, "slurm_array_task_id": null, "slurm_job_id": "224584", "slurm_restart_count": null, "started_epoch": 1789460594.6832113}
