{"expected_commit": null, "host": "Nathans-MacBook-Pro-2.local", "lock_path": "/Users/nadan/Documents/projects/demandresponse/outputs/efficiency_validation_20260912/local_smoke/reference.json.lock", "output": "/Users/nadan/Documents/projects/demandresponse/outputs/efficiency_validation_20260912/local_smoke/reference.json", "pid": 79197, "slurm_array_job_id": null, "slurm_array_task_id": null, "slurm_job_id": null, "slurm_restart_count": null, "started_epoch": 1789195088.7197928}
