{"expected_commit": null, "host": "snavely-cpu-09.cs.cornell.edu", "lock_path": "/home/nc437/ladder-lite/chain_extension_31_32_20260915/validation/job_228576/parser.json.lock", "output": "/home/nc437/ladder-lite/chain_extension_31_32_20260915/validation/job_228576/parser.json", "pid": 2563508, "slurm_array_job_id": null, "slurm_array_task_id": null, "slurm_job_id": "228576", "slurm_restart_count": null, "started_epoch": 1789481977.645649}
