{"expected_commit": null, "host": "snavely-cpu-01.cs.cornell.edu", "lock_path": "/home/nc437/ladder-lite/chain_extension_20260914/validation/child.json.lock", "output": "/home/nc437/ladder-lite/chain_extension_20260914/validation/child.json", "pid": 2449669, "slurm_array_job_id": null, "slurm_array_task_id": null, "slurm_job_id": "187907", "slurm_restart_count": null, "started_epoch": 1789389531.8998282}
